
Microsoft Visual Studio Solution File, Format Version 12.00
# Visual Studio Version 16
VisualStudioVersion = 16.0.29613.14
MinimumVisualStudioVersion = 10.0.40219.1
Project("{FAE04EC0-301F-11D3-BF4B-00C04F79EFBC}") = "gitTestForm", "gitTestForm\gitTestForm.csproj", "{157944C6-39B1-4C7A-B63E-633AEE179FF8}"
EndProject
Global
	GlobalSection(SolutionConfigurationPlatforms) = preSolution
		Debug|Any CPU = Debug|Any CPU
		Release|Any CPU = Release|Any CPU
	EndGlobalSection
	GlobalSection(ProjectConfigurationPlatforms) = postSolution
		{157944C6-39B1-4C7A-B63E-633AEE179FF8}.Debug|Any CPU.ActiveCfg = Debug|Any CPU
		{157944C6-39B1-4C7A-B63E-633AEE179FF8}.Debug|Any CPU.Build.0 = Debug|Any CPU
		{157944C6-39B1-4C7A-B63E-633AEE179FF8}.Release|Any CPU.ActiveCfg = Release|Any CPU
		{157944C6-39B1-4C7A-B63E-633AEE179FF8}.Release|Any CPU.Build.0 = Release|Any CPU
	EndGlobalSection
	GlobalSection(SolutionProperties) = preSolution
		HideSolutionNode = FALSE
	EndGlobalSection
	GlobalSection(ExtensibilityGlobals) = postSolution
		SolutionGuid = {A7D2DAC0-5E2C-4B62-9252-B6E7193A650F}
	EndGlobalSection
EndGlobal
